
Microsoft Visual Studio Solution File, Format Version 12.00
# Visual Studio Version 16
VisualStudioVersion = 16.0.30717.126
MinimumVisualStudioVersion = 10.0.40219.1
Project("{8BC9CEB8-8B4A-11D0-8D11-00A0C91BC942}") = "PInvokeOpen3D", "PInvokeOpen3D\PInvokeOpen3D.vcxproj", "{F22713BB-91D8-49F8-BE45-E5DB63570ADC}"
EndProject
Project("{FAE04EC0-301F-11D3-BF4B-00C04F79EFBC}") = "PInvokeCSharp", "PInvokeCSharp\PInvokeCSharp.csproj", "{D7D31DFD-7050-4FBF-98AB-8DB0B809C332}"
	ProjectSection(ProjectDependencies) = postProject
		{A53E4422-EFF5-4430-9115-93F7028FDF4E} = {A53E4422-EFF5-4430-9115-93F7028FDF4E}
		{2E655355-31BC-41D2-8960-A3EB1E546EFD} = {2E655355-31BC-41D2-8960-A3EB1E546EFD}
		{B2E0BE5F-3F3B-37DB-85A4-4712D9E5AD37} = {B2E0BE5F-3F3B-37DB-85A4-4712D9E5AD37}
		{F22713BB-91D8-49F8-BE45-E5DB63570ADC} = {F22713BB-91D8-49F8-BE45-E5DB63570ADC}
		{173CF4F2-B13C-4141-B38D-E1D8CE4B2B29} = {173CF4F2-B13C-4141-B38D-E1D8CE4B2B29}
	EndProjectSection
EndProject
Project("{8BC9CEB8-8B4A-11D0-8D11-00A0C91BC942}") = "PInvokeLIBIGL", "PInvokeLIBIGL\PInvokeLIBIGL\PInvokeLIBIGL.vcxproj", "{B2E0BE5F-3F3B-37DB-85A4-4712D9E5AD37}"
EndProject
Project("{8BC9CEB8-8B4A-11D0-8D11-00A0C91BC942}") = "PInvokeCGAL", "PInvokeCGAL\PInvokeCGAL.vcxproj", "{2E655355-31BC-41D2-8960-A3EB1E546EFD}"
EndProject
Project("{FAE04EC0-301F-11D3-BF4B-00C04F79EFBC}") = "CockroachGH", "..\..\Open3D\docs\_static\C++\CockroachGH\CockroachGH.csproj", "{33E1E51A-F0FE-4FFE-AE23-16FA492F6697}"
EndProject
Project("{FAE04EC0-301F-11D3-BF4B-00C04F79EFBC}") = "PlyReaderWriter", "..\..\Open3D\docs\_static\C++\PlyReaderWriter\PlyReaderWriter.csproj", "{173CF4F2-B13C-4141-B38D-E1D8CE4B2B29}"
EndProject
Project("{8BC9CEB8-8B4A-11D0-8D11-00A0C91BC942}") = "PInvokeCilantro", "PInvokeCilantro\PInvokeCilantro.vcxproj", "{A53E4422-EFF5-4430-9115-93F7028FDF4E}"
EndProject
Global
	GlobalSection(SolutionConfigurationPlatforms) = preSolution
		Debug|Any CPU = Debug|Any CPU
		Debug|x64 = Debug|x64
		Debug|x86 = Debug|x86
		MinSizeRel|Any CPU = MinSizeRel|Any CPU
		MinSizeRel|x64 = MinSizeRel|x64
		MinSizeRel|x86 = MinSizeRel|x86
		Release|Any CPU = Release|Any CPU
		Release|x64 = Release|x64
		Release|x86 = Release|x86
		RelWithDebInfo|Any CPU = RelWithDebInfo|Any CPU
		RelWithDebInfo|x64 = RelWithDebInfo|x64
		RelWithDebInfo|x86 = RelWithDebInfo|x86
	EndGlobalSection
	GlobalSection(ProjectConfigurationPlatforms) = postSolution
		{F22713BB-91D8-49F8-BE45-E5DB63570ADC}.Debug|Any CPU.ActiveCfg = Debug|x64
		{F22713BB-91D8-49F8-BE45-E5DB63570ADC}.Debug|x64.ActiveCfg = Debug|x64
		{F22713BB-91D8-49F8-BE45-E5DB63570ADC}.Debug|x64.Build.0 = Debug|x64
		{F22713BB-91D8-49F8-BE45-E5DB63570ADC}.Debug|x86.ActiveCfg = Debug|x64
		{F22713BB-91D8-49F8-BE45-E5DB63570ADC}.MinSizeRel|Any CPU.ActiveCfg = Release|x64
		{F22713BB-91D8-49F8-BE45-E5DB63570ADC}.MinSizeRel|Any CPU.Build.0 = Release|x64
		{F22713BB-91D8-49F8-BE45-E5DB63570ADC}.MinSizeRel|x64.ActiveCfg = Release|x64
		{F22713BB-91D8-49F8-BE45-E5DB63570ADC}.MinSizeRel|x64.Build.0 = Release|x64
		{F22713BB-91D8-49F8-BE45-E5DB63570ADC}.MinSizeRel|x86.ActiveCfg = Release|x64
		{F22713BB-91D8-49F8-BE45-E5DB63570ADC}.MinSizeRel|x86.Build.0 = Release|x64
		{F22713BB-91D8-49F8-BE45-E5DB63570ADC}.Release|Any CPU.ActiveCfg = Release|x64
		{F22713BB-91D8-49F8-BE45-E5DB63570ADC}.Release|x64.ActiveCfg = Release|x64
		{F22713BB-91D8-49F8-BE45-E5DB63570ADC}.Release|x64.Build.0 = Release|x64
		{F22713BB-91D8-49F8-BE45-E5DB63570ADC}.Release|x86.ActiveCfg = Release|x64
		{F22713BB-91D8-49F8-BE45-E5DB63570ADC}.RelWithDebInfo|Any CPU.ActiveCfg = Release|x64
		{F22713BB-91D8-49F8-BE45-E5DB63570ADC}.RelWithDebInfo|Any CPU.Build.0 = Release|x64
		{F22713BB-91D8-49F8-BE45-E5DB63570ADC}.RelWithDebInfo|x64.ActiveCfg = Release|x64
		{F22713BB-91D8-49F8-BE45-E5DB63570ADC}.RelWithDebInfo|x64.Build.0 = Release|x64
		{F22713BB-91D8-49F8-BE45-E5DB63570ADC}.RelWithDebInfo|x86.ActiveCfg = Release|x64
		{F22713BB-91D8-49F8-BE45-E5DB63570ADC}.RelWithDebInfo|x86.Build.0 = Release|x64
		{D7D31DFD-7050-4FBF-98AB-8DB0B809C332}.Debug|Any CPU.ActiveCfg = Debug|x64
		{D7D31DFD-7050-4FBF-98AB-8DB0B809C332}.Debug|x64.ActiveCfg = Debug|x64
		{D7D31DFD-7050-4FBF-98AB-8DB0B809C332}.Debug|x64.Build.0 = Debug|x64
		{D7D31DFD-7050-4FBF-98AB-8DB0B809C332}.Debug|x86.ActiveCfg = Debug|x64
		{D7D31DFD-7050-4FBF-98AB-8DB0B809C332}.MinSizeRel|Any CPU.ActiveCfg = Release|x64
		{D7D31DFD-7050-4FBF-98AB-8DB0B809C332}.MinSizeRel|Any CPU.Build.0 = Release|x64
		{D7D31DFD-7050-4FBF-98AB-8DB0B809C332}.MinSizeRel|x64.ActiveCfg = Release|x64
		{D7D31DFD-7050-4FBF-98AB-8DB0B809C332}.MinSizeRel|x64.Build.0 = Release|x64
		{D7D31DFD-7050-4FBF-98AB-8DB0B809C332}.MinSizeRel|x86.ActiveCfg = Release|x64
		{D7D31DFD-7050-4FBF-98AB-8DB0B809C332}.MinSizeRel|x86.Build.0 = Release|x64
		{D7D31DFD-7050-4FBF-98AB-8DB0B809C332}.Release|Any CPU.ActiveCfg = Release|x64
		{D7D31DFD-7050-4FBF-98AB-8DB0B809C332}.Release|x64.ActiveCfg = Release|x64
		{D7D31DFD-7050-4FBF-98AB-8DB0B809C332}.Release|x64.Build.0 = Release|x64
		{D7D31DFD-7050-4FBF-98AB-8DB0B809C332}.Release|x86.ActiveCfg = Release|x64
		{D7D31DFD-7050-4FBF-98AB-8DB0B809C332}.RelWithDebInfo|Any CPU.ActiveCfg = Release|x64
		{D7D31DFD-7050-4FBF-98AB-8DB0B809C332}.RelWithDebInfo|Any CPU.Build.0 = Release|x64
		{D7D31DFD-7050-4FBF-98AB-8DB0B809C332}.RelWithDebInfo|x64.ActiveCfg = Release|x64
		{D7D31DFD-7050-4FBF-98AB-8DB0B809C332}.RelWithDebInfo|x64.Build.0 = Release|x64
		{D7D31DFD-7050-4FBF-98AB-8DB0B809C332}.RelWithDebInfo|x86.ActiveCfg = Release|x64
		{D7D31DFD-7050-4FBF-98AB-8DB0B809C332}.RelWithDebInfo|x86.Build.0 = Release|x64
		{B2E0BE5F-3F3B-37DB-85A4-4712D9E5AD37}.Debug|Any CPU.ActiveCfg = Debug|x64
		{B2E0BE5F-3F3B-37DB-85A4-4712D9E5AD37}.Debug|x64.ActiveCfg = Debug|x64
		{B2E0BE5F-3F3B-37DB-85A4-4712D9E5AD37}.Debug|x64.Build.0 = Debug|x64
		{B2E0BE5F-3F3B-37DB-85A4-4712D9E5AD37}.Debug|x86.ActiveCfg = Debug|x64
		{B2E0BE5F-3F3B-37DB-85A4-4712D9E5AD37}.MinSizeRel|Any CPU.ActiveCfg = MinSizeRel|x64
		{B2E0BE5F-3F3B-37DB-85A4-4712D9E5AD37}.MinSizeRel|x64.ActiveCfg = MinSizeRel|x64
		{B2E0BE5F-3F3B-37DB-85A4-4712D9E5AD37}.MinSizeRel|x64.Build.0 = MinSizeRel|x64
		{B2E0BE5F-3F3B-37DB-85A4-4712D9E5AD37}.MinSizeRel|x86.ActiveCfg = MinSizeRel|x64
		{B2E0BE5F-3F3B-37DB-85A4-4712D9E5AD37}.Release|Any CPU.ActiveCfg = Release|x64
		{B2E0BE5F-3F3B-37DB-85A4-4712D9E5AD37}.Release|x64.ActiveCfg = Release|x64
		{B2E0BE5F-3F3B-37DB-85A4-4712D9E5AD37}.Release|x64.Build.0 = Release|x64
		{B2E0BE5F-3F3B-37DB-85A4-4712D9E5AD37}.Release|x86.ActiveCfg = Release|x64
		{B2E0BE5F-3F3B-37DB-85A4-4712D9E5AD37}.RelWithDebInfo|Any CPU.ActiveCfg = RelWithDebInfo|x64
		{B2E0BE5F-3F3B-37DB-85A4-4712D9E5AD37}.RelWithDebInfo|x64.ActiveCfg = RelWithDebInfo|x64
		{B2E0BE5F-3F3B-37DB-85A4-4712D9E5AD37}.RelWithDebInfo|x64.Build.0 = RelWithDebInfo|x64
		{B2E0BE5F-3F3B-37DB-85A4-4712D9E5AD37}.RelWithDebInfo|x86.ActiveCfg = RelWithDebInfo|x64
		{2E655355-31BC-41D2-8960-A3EB1E546EFD}.Debug|Any CPU.ActiveCfg = Debug|Win32
		{2E655355-31BC-41D2-8960-A3EB1E546EFD}.Debug|x64.ActiveCfg = Debug|x64
		{2E655355-31BC-41D2-8960-A3EB1E546EFD}.Debug|x64.Build.0 = Debug|x64
		{2E655355-31BC-41D2-8960-A3EB1E546EFD}.Debug|x86.ActiveCfg = Debug|Win32
		{2E655355-31BC-41D2-8960-A3EB1E546EFD}.Debug|x86.Build.0 = Debug|Win32
		{2E655355-31BC-41D2-8960-A3EB1E546EFD}.MinSizeRel|Any CPU.ActiveCfg = Release|Win32
		{2E655355-31BC-41D2-8960-A3EB1E546EFD}.MinSizeRel|x64.ActiveCfg = Debug|x64
		{2E655355-31BC-41D2-8960-A3EB1E546EFD}.MinSizeRel|x64.Build.0 = Debug|x64
		{2E655355-31BC-41D2-8960-A3EB1E546EFD}.MinSizeRel|x86.ActiveCfg = Debug|Win32
		{2E655355-31BC-41D2-8960-A3EB1E546EFD}.MinSizeRel|x86.Build.0 = Debug|Win32
		{2E655355-31BC-41D2-8960-A3EB1E546EFD}.Release|Any CPU.ActiveCfg = Release|Win32
		{2E655355-31BC-41D2-8960-A3EB1E546EFD}.Release|x64.ActiveCfg = Release|x64
		{2E655355-31BC-41D2-8960-A3EB1E546EFD}.Release|x64.Build.0 = Release|x64
		{2E655355-31BC-41D2-8960-A3EB1E546EFD}.Release|x86.ActiveCfg = Release|Win32
		{2E655355-31BC-41D2-8960-A3EB1E546EFD}.Release|x86.Build.0 = Release|Win32
		{2E655355-31BC-41D2-8960-A3EB1E546EFD}.RelWithDebInfo|Any CPU.ActiveCfg = Release|Win32
		{2E655355-31BC-41D2-8960-A3EB1E546EFD}.RelWithDebInfo|x64.ActiveCfg = Release|x64
		{2E655355-31BC-41D2-8960-A3EB1E546EFD}.RelWithDebInfo|x64.Build.0 = Release|x64
		{2E655355-31BC-41D2-8960-A3EB1E546EFD}.RelWithDebInfo|x86.ActiveCfg = Release|Win32
		{2E655355-31BC-41D2-8960-A3EB1E546EFD}.RelWithDebInfo|x86.Build.0 = Release|Win32
		{33E1E51A-F0FE-4FFE-AE23-16FA492F6697}.Debug|Any CPU.ActiveCfg = Debug|x64
		{33E1E51A-F0FE-4FFE-AE23-16FA492F6697}.Debug|x64.ActiveCfg = Debug|x64
		{33E1E51A-F0FE-4FFE-AE23-16FA492F6697}.Debug|x86.ActiveCfg = Debug|x64
		{33E1E51A-F0FE-4FFE-AE23-16FA492F6697}.MinSizeRel|Any CPU.ActiveCfg = Debug|x64
		{33E1E51A-F0FE-4FFE-AE23-16FA492F6697}.MinSizeRel|x64.ActiveCfg = Debug|x64
		{33E1E51A-F0FE-4FFE-AE23-16FA492F6697}.MinSizeRel|x86.ActiveCfg = Debug|x64
		{33E1E51A-F0FE-4FFE-AE23-16FA492F6697}.Release|Any CPU.ActiveCfg = Release|x64
		{33E1E51A-F0FE-4FFE-AE23-16FA492F6697}.Release|x64.ActiveCfg = Release|x64
		{33E1E51A-F0FE-4FFE-AE23-16FA492F6697}.Release|x64.Build.0 = Release|x64
		{33E1E51A-F0FE-4FFE-AE23-16FA492F6697}.Release|x86.ActiveCfg = Release|x64
		{33E1E51A-F0FE-4FFE-AE23-16FA492F6697}.RelWithDebInfo|Any CPU.ActiveCfg = Debug|x64
		{33E1E51A-F0FE-4FFE-AE23-16FA492F6697}.RelWithDebInfo|x64.ActiveCfg = Release|x64
		{33E1E51A-F0FE-4FFE-AE23-16FA492F6697}.RelWithDebInfo|x86.ActiveCfg = Debug|x64
		{173CF4F2-B13C-4141-B38D-E1D8CE4B2B29}.Debug|Any CPU.ActiveCfg = Debug|x64
		{173CF4F2-B13C-4141-B38D-E1D8CE4B2B29}.Debug|x64.ActiveCfg = Debug|x64
		{173CF4F2-B13C-4141-B38D-E1D8CE4B2B29}.Debug|x64.Build.0 = Debug|x64
		{173CF4F2-B13C-4141-B38D-E1D8CE4B2B29}.Debug|x86.ActiveCfg = Debug|x64
		{173CF4F2-B13C-4141-B38D-E1D8CE4B2B29}.MinSizeRel|Any CPU.ActiveCfg = Debug|x64
		{173CF4F2-B13C-4141-B38D-E1D8CE4B2B29}.MinSizeRel|x64.ActiveCfg = Debug|x64
		{173CF4F2-B13C-4141-B38D-E1D8CE4B2B29}.MinSizeRel|x64.Build.0 = Debug|x64
		{173CF4F2-B13C-4141-B38D-E1D8CE4B2B29}.MinSizeRel|x86.ActiveCfg = Debug|x64
		{173CF4F2-B13C-4141-B38D-E1D8CE4B2B29}.Release|Any CPU.ActiveCfg = Release|x64
		{173CF4F2-B13C-4141-B38D-E1D8CE4B2B29}.Release|x64.ActiveCfg = Release|x64
		{173CF4F2-B13C-4141-B38D-E1D8CE4B2B29}.Release|x64.Build.0 = Release|x64
		{173CF4F2-B13C-4141-B38D-E1D8CE4B2B29}.Release|x86.ActiveCfg = Release|x64
		{173CF4F2-B13C-4141-B38D-E1D8CE4B2B29}.RelWithDebInfo|Any CPU.ActiveCfg = Debug|x64
		{173CF4F2-B13C-4141-B38D-E1D8CE4B2B29}.RelWithDebInfo|x64.ActiveCfg = Release|x64
		{173CF4F2-B13C-4141-B38D-E1D8CE4B2B29}.RelWithDebInfo|x64.Build.0 = Release|x64
		{173CF4F2-B13C-4141-B38D-E1D8CE4B2B29}.RelWithDebInfo|x86.ActiveCfg = Debug|x64
		{A53E4422-EFF5-4430-9115-93F7028FDF4E}.Debug|Any CPU.ActiveCfg = Debug|Win32
		{A53E4422-EFF5-4430-9115-93F7028FDF4E}.Debug|x64.ActiveCfg = Debug|x64
		{A53E4422-EFF5-4430-9115-93F7028FDF4E}.Debug|x64.Build.0 = Debug|x64
		{A53E4422-EFF5-4430-9115-93F7028FDF4E}.Debug|x86.ActiveCfg = Debug|Win32
		{A53E4422-EFF5-4430-9115-93F7028FDF4E}.Debug|x86.Build.0 = Debug|Win32
		{A53E4422-EFF5-4430-9115-93F7028FDF4E}.MinSizeRel|Any CPU.ActiveCfg = Debug|Win32
		{A53E4422-EFF5-4430-9115-93F7028FDF4E}.MinSizeRel|Any CPU.Build.0 = Debug|Win32
		{A53E4422-EFF5-4430-9115-93F7028FDF4E}.MinSizeRel|x64.ActiveCfg = Debug|x64
		{A53E4422-EFF5-4430-9115-93F7028FDF4E}.MinSizeRel|x64.Build.0 = Debug|x64
		{A53E4422-EFF5-4430-9115-93F7028FDF4E}.MinSizeRel|x86.ActiveCfg = Debug|Win32
		{A53E4422-EFF5-4430-9115-93F7028FDF4E}.MinSizeRel|x86.Build.0 = Debug|Win32
		{A53E4422-EFF5-4430-9115-93F7028FDF4E}.Release|Any CPU.ActiveCfg = Release|Win32
		{A53E4422-EFF5-4430-9115-93F7028FDF4E}.Release|x64.ActiveCfg = Release|x64
		{A53E4422-EFF5-4430-9115-93F7028FDF4E}.Release|x64.Build.0 = Release|x64
		{A53E4422-EFF5-4430-9115-93F7028FDF4E}.Release|x86.ActiveCfg = Release|Win32
		{A53E4422-EFF5-4430-9115-93F7028FDF4E}.Release|x86.Build.0 = Release|Win32
		{A53E4422-EFF5-4430-9115-93F7028FDF4E}.RelWithDebInfo|Any CPU.ActiveCfg = Debug|Win32
		{A53E4422-EFF5-4430-9115-93F7028FDF4E}.RelWithDebInfo|Any CPU.Build.0 = Debug|Win32
		{A53E4422-EFF5-4430-9115-93F7028FDF4E}.RelWithDebInfo|x64.ActiveCfg = Release|x64
		{A53E4422-EFF5-4430-9115-93F7028FDF4E}.RelWithDebInfo|x64.Build.0 = Release|x64
		{A53E4422-EFF5-4430-9115-93F7028FDF4E}.RelWithDebInfo|x86.ActiveCfg = Release|Win32
		{A53E4422-EFF5-4430-9115-93F7028FDF4E}.RelWithDebInfo|x86.Build.0 = Release|Win32
	EndGlobalSection
	GlobalSection(SolutionProperties) = preSolution
		HideSolutionNode = FALSE
	EndGlobalSection
	GlobalSection(ExtensibilityGlobals) = postSolution
		SolutionGuid = {3EAD1A37-F4A6-479C-951C-0DFB8111BE9E}
	EndGlobalSection
EndGlobal
